
Microsoft Visual Studio Solution File, Format Version 12.00
# Visual Studio Version 17
VisualStudioVersion = 17.7.34031.279
MinimumVisualStudioVersion = 10.0.40219.1
Project("{FAE04EC0-301F-11D3-BF4B-00C04F79EFBC}") = "ProyectoFinal_EstructurasII", "ProyectoFinal_EstructurasII\ProyectoFinal_EstructurasII.csproj", "{7FDCA60B-D339-4646-B2BD-C39597323B83}"
EndProject
Global
	GlobalSection(SolutionConfigurationPlatforms) = preSolution
		Debug|Any CPU = Debug|Any CPU
		Release|Any CPU = Release|Any CPU
	EndGlobalSection
	GlobalSection(ProjectConfigurationPlatforms) = postSolution
		{7FDCA60B-D339-4646-B2BD-C39597323B83}.Debug|Any CPU.ActiveCfg = Debug|Any CPU
		{7FDCA60B-D339-4646-B2BD-C39597323B83}.Debug|Any CPU.Build.0 = Debug|Any CPU
		{7FDCA60B-D339-4646-B2BD-C39597323B83}.Release|Any CPU.ActiveCfg = Release|Any CPU
		{7FDCA60B-D339-4646-B2BD-C39597323B83}.Release|Any CPU.Build.0 = Release|Any CPU
	EndGlobalSection
	GlobalSection(SolutionProperties) = preSolution
		HideSolutionNode = FALSE
	EndGlobalSection
	GlobalSection(ExtensibilityGlobals) = postSolution
		SolutionGuid = {42BC534A-3765-4AFB-A789-D47D3E7AB1AF}
	EndGlobalSection
EndGlobal
